
Microsoft Visual Studio Solution File, Format Version 12.00
# Visual Studio 15
VisualStudioVersion = 15.0.28307.572
MinimumVisualStudioVersion = 10.0.40219.1
Project("{FAE04EC0-301F-11D3-BF4B-00C04F79EFBC}") = "Craft", "Craft\Craft.csproj", "{9A5A02EA-2A80-4C54-9AAF-864011A08EA6}"
EndProject
Global
	GlobalSection(SolutionConfigurationPlatforms) = preSolution
		Debug|Any CPU = Debug|Any CPU
		Release|Any CPU = Release|Any CPU
	EndGlobalSection
	GlobalSection(ProjectConfigurationPlatforms) = postSolution
		{9A5A02EA-2A80-4C54-9AAF-864011A08EA6}.Debug|Any CPU.ActiveCfg = Debug|Any CPU
		{9A5A02EA-2A80-4C54-9AAF-864011A08EA6}.Debug|Any CPU.Build.0 = Debug|Any CPU
		{9A5A02EA-2A80-4C54-9AAF-864011A08EA6}.Release|Any CPU.ActiveCfg = Release|Any CPU
		{9A5A02EA-2A80-4C54-9AAF-864011A08EA6}.Release|Any CPU.Build.0 = Release|Any CPU
	EndGlobalSection
	GlobalSection(SolutionProperties) = preSolution
		HideSolutionNode = FALSE
	EndGlobalSection
	GlobalSection(ExtensibilityGlobals) = postSolution
		SolutionGuid = {108CA5BA-9E1A-4EE4-B113-8E77F938D8B5}
	EndGlobalSection
EndGlobal
